
Microsoft Visual Studio Solution File, Format Version 12.00
# Visual Studio 15
VisualStudioVersion = 15.0.27004.2009
MinimumVisualStudioVersion = 10.0.40219.1
Project("{FAE04EC0-301F-11D3-BF4B-00C04F79EFBC}") = "TMSystems", "TMSystems\TMSystems.csproj", "{17A3C90A-12FD-4714-96A1-893335C6FA00}"
EndProject
Global
	GlobalSection(SolutionConfigurationPlatforms) = preSolution
		Debug|Any CPU = Debug|Any CPU
		Release|Any CPU = Release|Any CPU
	EndGlobalSection
	GlobalSection(ProjectConfigurationPlatforms) = postSolution
		{17A3C90A-12FD-4714-96A1-893335C6FA00}.Debug|Any CPU.ActiveCfg = Debug|Any CPU
		{17A3C90A-12FD-4714-96A1-893335C6FA00}.Debug|Any CPU.Build.0 = Debug|Any CPU
		{17A3C90A-12FD-4714-96A1-893335C6FA00}.Release|Any CPU.ActiveCfg = Release|Any CPU
		{17A3C90A-12FD-4714-96A1-893335C6FA00}.Release|Any CPU.Build.0 = Release|Any CPU
	EndGlobalSection
	GlobalSection(SolutionProperties) = preSolution
		HideSolutionNode = FALSE
	EndGlobalSection
	GlobalSection(ExtensibilityGlobals) = postSolution
		SolutionGuid = {3E05721A-550D-4E73-9A97-77EE1EC31AF4}
	EndGlobalSection
EndGlobal
