
Microsoft Visual Studio Solution File, Format Version 12.00
# Visual Studio 15
VisualStudioVersion = 15.0.27004.2009
MinimumVisualStudioVersion = 10.0.40219.1
Project("{9A19103F-16F7-4668-BE54-9A1E7A4F7556}") = "TMSystems.Web", "TMSystems.Web\TMSystems.Web.csproj", "{17A3C90A-12FD-4714-96A1-893335C6FA00}"
EndProject
Project("{FAE04EC0-301F-11D3-BF4B-00C04F79EFBC}") = "TMSystems.DomainModel", "TMSystems.DomainModel\TMSystems.DomainModel.csproj", "{BFC075C8-1CFC-4460-AB21-45A28C5DCB03}"
EndProject
Project("{FAE04EC0-301F-11D3-BF4B-00C04F79EFBC}") = "TMSystems.UnitTests", "TMSystems.UnitTests\TMSystems.UnitTests.csproj", "{E872969B-9717-4758-BD5B-55B2D6186CC0}"
EndProject
Project("{FAE04EC0-301F-11D3-BF4B-00C04F79EFBC}") = "TMSystems.WebComponents", "TMSystems.WebComponents\TMSystems.WebComponents.csproj", "{8D0A845F-C557-45AE-A845-32BE3661F7A1}"
EndProject
Project("{FAE04EC0-301F-11D3-BF4B-00C04F79EFBC}") = "Diagrams", "Diagrams\Diagrams.csproj", "{B2B0408E-C5E1-40C8-B921-C7C454BE55D8}"
EndProject
Global
	GlobalSection(SolutionConfigurationPlatforms) = preSolution
		Debug|Any CPU = Debug|Any CPU
		Release|Any CPU = Release|Any CPU
	EndGlobalSection
	GlobalSection(ProjectConfigurationPlatforms) = postSolution
		{17A3C90A-12FD-4714-96A1-893335C6FA00}.Debug|Any CPU.ActiveCfg = Debug|Any CPU
		{17A3C90A-12FD-4714-96A1-893335C6FA00}.Debug|Any CPU.Build.0 = Debug|Any CPU
		{17A3C90A-12FD-4714-96A1-893335C6FA00}.Release|Any CPU.ActiveCfg = Release|Any CPU
		{17A3C90A-12FD-4714-96A1-893335C6FA00}.Release|Any CPU.Build.0 = Release|Any CPU
		{BFC075C8-1CFC-4460-AB21-45A28C5DCB03}.Debug|Any CPU.ActiveCfg = Debug|Any CPU
		{BFC075C8-1CFC-4460-AB21-45A28C5DCB03}.Debug|Any CPU.Build.0 = Debug|Any CPU
		{BFC075C8-1CFC-4460-AB21-45A28C5DCB03}.Release|Any CPU.ActiveCfg = Release|Any CPU
		{BFC075C8-1CFC-4460-AB21-45A28C5DCB03}.Release|Any CPU.Build.0 = Release|Any CPU
		{E872969B-9717-4758-BD5B-55B2D6186CC0}.Debug|Any CPU.ActiveCfg = Debug|Any CPU
		{E872969B-9717-4758-BD5B-55B2D6186CC0}.Debug|Any CPU.Build.0 = Debug|Any CPU
		{E872969B-9717-4758-BD5B-55B2D6186CC0}.Release|Any CPU.ActiveCfg = Release|Any CPU
		{E872969B-9717-4758-BD5B-55B2D6186CC0}.Release|Any CPU.Build.0 = Release|Any CPU
		{8D0A845F-C557-45AE-A845-32BE3661F7A1}.Debug|Any CPU.ActiveCfg = Debug|Any CPU
		{8D0A845F-C557-45AE-A845-32BE3661F7A1}.Debug|Any CPU.Build.0 = Debug|Any CPU
		{8D0A845F-C557-45AE-A845-32BE3661F7A1}.Release|Any CPU.ActiveCfg = Release|Any CPU
		{8D0A845F-C557-45AE-A845-32BE3661F7A1}.Release|Any CPU.Build.0 = Release|Any CPU
		{B2B0408E-C5E1-40C8-B921-C7C454BE55D8}.Debug|Any CPU.ActiveCfg = Debug|Any CPU
		{B2B0408E-C5E1-40C8-B921-C7C454BE55D8}.Debug|Any CPU.Build.0 = Debug|Any CPU
		{B2B0408E-C5E1-40C8-B921-C7C454BE55D8}.Release|Any CPU.ActiveCfg = Release|Any CPU
		{B2B0408E-C5E1-40C8-B921-C7C454BE55D8}.Release|Any CPU.Build.0 = Release|Any CPU
	EndGlobalSection
	GlobalSection(SolutionProperties) = preSolution
		HideSolutionNode = FALSE
	EndGlobalSection
	GlobalSection(ExtensibilityGlobals) = postSolution
		SolutionGuid = {3E05721A-550D-4E73-9A97-77EE1EC31AF4}
	EndGlobalSection
EndGlobal
